
Microsoft Visual Studio Solution File, Format Version 12.00
# Visual Studio 15
VisualStudioVersion = 15.0.28307.438
MinimumVisualStudioVersion = 10.0.40219.1
Project("{FAE04EC0-301F-11D3-BF4B-00C04F79EFBC}") = "PentWareX", "PentWareX\PentWareX.csproj", "{5D18A846-C920-43C6-A578-962C3507DD5B}"
EndProject
Global
	GlobalSection(SolutionConfigurationPlatforms) = preSolution
		Debug|Any CPU = Debug|Any CPU
		Release|Any CPU = Release|Any CPU
	EndGlobalSection
	GlobalSection(ProjectConfigurationPlatforms) = postSolution
		{5D18A846-C920-43C6-A578-962C3507DD5B}.Debug|Any CPU.ActiveCfg = Debug|Any CPU
		{5D18A846-C920-43C6-A578-962C3507DD5B}.Debug|Any CPU.Build.0 = Debug|Any CPU
		{5D18A846-C920-43C6-A578-962C3507DD5B}.Release|Any CPU.ActiveCfg = Release|Any CPU
		{5D18A846-C920-43C6-A578-962C3507DD5B}.Release|Any CPU.Build.0 = Release|Any CPU
	EndGlobalSection
	GlobalSection(SolutionProperties) = preSolution
		HideSolutionNode = FALSE
	EndGlobalSection
	GlobalSection(ExtensibilityGlobals) = postSolution
		SolutionGuid = {C1D65DC5-CF38-4A6D-BACB-49BE14BB9D7D}
	EndGlobalSection
EndGlobal
